
Microsoft Visual Studio Solution File, Format Version 12.00
# Visual Studio Version 16
VisualStudioVersion = 16.0.31613.86
MinimumVisualStudioVersion = 10.0.40219.1
Project("{8BC9CEB8-8B4A-11D0-8D11-00A0C91BC942}") = "Mang2Chieu", "Mang2Chieu\Mang2Chieu.vcxproj", "{CC31358E-8D65-4B04-93C2-0B4D147ABB16}"
EndProject
Project("{8BC9CEB8-8B4A-11D0-8D11-00A0C91BC942}") = "KTMangDoiXung", "KTMangDoiXung\KTMangDoiXung.vcxproj", "{D413E86F-6B7E-4252-A2D4-4385008771EF}"
EndProject
Project("{8BC9CEB8-8B4A-11D0-8D11-00A0C91BC942}") = "Calculation", "Calculation\Calculation.vcxproj", "{6474CFAD-76A4-46ED-A9CF-F46118B82CFB}"
EndProject
Project("{8BC9CEB8-8B4A-11D0-8D11-00A0C91BC942}") = "MinMax", "MinMax\MinMax.vcxproj", "{1701DBE8-26FC-4D39-A06F-A99FEC5397F0}"
EndProject
Project("{8BC9CEB8-8B4A-11D0-8D11-00A0C91BC942}") = "TongTich2MaTran", "TongTich2MaTran\TongTich2MaTran.vcxproj", "{D1812D5F-7B87-4838-A363-B4259091869D}"
EndProject
Project("{8BC9CEB8-8B4A-11D0-8D11-00A0C91BC942}") = "MaTranDonVi", "MaTranDonVi\MaTranDonVi.vcxproj", "{1E513DC1-4003-4AF3-9107-1B10874A8BC3}"
EndProject
Project("{8BC9CEB8-8B4A-11D0-8D11-00A0C91BC942}") = "Frobenius", "Frobenius\Frobenius.vcxproj", "{01D92917-74A0-462A-9F18-403A4742056A}"
EndProject
Project("{8BC9CEB8-8B4A-11D0-8D11-00A0C91BC942}") = "MaTranCheo", "MaTranCheo\MaTranCheo.vcxproj", "{35304BEC-C14D-4C23-88EE-7A6BD03F090D}"
EndProject
Project("{8BC9CEB8-8B4A-11D0-8D11-00A0C91BC942}") = "i+j+1", "i+j+1\i+j+1.vcxproj", "{C338C7F9-C3B1-4298-BBD9-E952FF2F0031}"
EndProject
Project("{8BC9CEB8-8B4A-11D0-8D11-00A0C91BC942}") = "Trace", "Trace\Trace.vcxproj", "{AA06A2AC-8A14-4891-8FFC-70429CFCF5E6}"
EndProject
Project("{8BC9CEB8-8B4A-11D0-8D11-00A0C91BC942}") = "MaTranChuyenVi", "MaTranChuyenVi\MaTranChuyenVi.vcxproj", "{F90F6AE9-DA61-415F-B272-0594CEFFA522}"
EndProject
Global
	GlobalSection(SolutionConfigurationPlatforms) = preSolution
		Debug|x64 = Debug|x64
		Debug|x86 = Debug|x86
		Release|x64 = Release|x64
		Release|x86 = Release|x86
	EndGlobalSection
	GlobalSection(ProjectConfigurationPlatforms) = postSolution
		{CC31358E-8D65-4B04-93C2-0B4D147ABB16}.Debug|x64.ActiveCfg = Debug|x64
		{CC31358E-8D65-4B04-93C2-0B4D147ABB16}.Debug|x64.Build.0 = Debug|x64
		{CC31358E-8D65-4B04-93C2-0B4D147ABB16}.Debug|x86.ActiveCfg = Debug|Win32
		{CC31358E-8D65-4B04-93C2-0B4D147ABB16}.Debug|x86.Build.0 = Debug|Win32
		{CC31358E-8D65-4B04-93C2-0B4D147ABB16}.Release|x64.ActiveCfg = Release|x64
		{CC31358E-8D65-4B04-93C2-0B4D147ABB16}.Release|x64.Build.0 = Release|x64
		{CC31358E-8D65-4B04-93C2-0B4D147ABB16}.Release|x86.ActiveCfg = Release|Win32
		{CC31358E-8D65-4B04-93C2-0B4D147ABB16}.Release|x86.Build.0 = Release|Win32
		{D413E86F-6B7E-4252-A2D4-4385008771EF}.Debug|x64.ActiveCfg = Debug|x64
		{D413E86F-6B7E-4252-A2D4-4385008771EF}.Debug|x64.Build.0 = Debug|x64
		{D413E86F-6B7E-4252-A2D4-4385008771EF}.Debug|x86.ActiveCfg = Debug|Win32
		{D413E86F-6B7E-4252-A2D4-4385008771EF}.Debug|x86.Build.0 = Debug|Win32
		{D413E86F-6B7E-4252-A2D4-4385008771EF}.Release|x64.ActiveCfg = Release|x64
		{D413E86F-6B7E-4252-A2D4-4385008771EF}.Release|x64.Build.0 = Release|x64
		{D413E86F-6B7E-4252-A2D4-4385008771EF}.Release|x86.ActiveCfg = Release|Win32
		{D413E86F-6B7E-4252-A2D4-4385008771EF}.Release|x86.Build.0 = Release|Win32
		{6474CFAD-76A4-46ED-A9CF-F46118B82CFB}.Debug|x64.ActiveCfg = Debug|x64
		{6474CFAD-76A4-46ED-A9CF-F46118B82CFB}.Debug|x64.Build.0 = Debug|x64
		{6474CFAD-76A4-46ED-A9CF-F46118B82CFB}.Debug|x86.ActiveCfg = Debug|Win32
		{6474CFAD-76A4-46ED-A9CF-F46118B82CFB}.Debug|x86.Build.0 = Debug|Win32
		{6474CFAD-76A4-46ED-A9CF-F46118B82CFB}.Release|x64.ActiveCfg = Release|x64
		{6474CFAD-76A4-46ED-A9CF-F46118B82CFB}.Release|x64.Build.0 = Release|x64
		{6474CFAD-76A4-46ED-A9CF-F46118B82CFB}.Release|x86.ActiveCfg = Release|Win32
		{6474CFAD-76A4-46ED-A9CF-F46118B82CFB}.Release|x86.Build.0 = Release|Win32
		{1701DBE8-26FC-4D39-A06F-A99FEC5397F0}.Debug|x64.ActiveCfg = Debug|x64
		{1701DBE8-26FC-4D39-A06F-A99FEC5397F0}.Debug|x64.Build.0 = Debug|x64
		{1701DBE8-26FC-4D39-A06F-A99FEC5397F0}.Debug|x86.ActiveCfg = Debug|Win32
		{1701DBE8-26FC-4D39-A06F-A99FEC5397F0}.Debug|x86.Build.0 = Debug|Win32
		{1701DBE8-26FC-4D39-A06F-A99FEC5397F0}.Release|x64.ActiveCfg = Release|x64
		{1701DBE8-26FC-4D39-A06F-A99FEC5397F0}.Release|x64.Build.0 = Release|x64
		{1701DBE8-26FC-4D39-A06F-A99FEC5397F0}.Release|x86.ActiveCfg = Release|Win32
		{1701DBE8-26FC-4D39-A06F-A99FEC5397F0}.Release|x86.Build.0 = Release|Win32
		{D1812D5F-7B87-4838-A363-B4259091869D}.Debug|x64.ActiveCfg = Debug|x64
		{D1812D5F-7B87-4838-A363-B4259091869D}.Debug|x64.Build.0 = Debug|x64
		{D1812D5F-7B87-4838-A363-B4259091869D}.Debug|x86.ActiveCfg = Debug|Win32
		{D1812D5F-7B87-4838-A363-B4259091869D}.Debug|x86.Build.0 = Debug|Win32
		{D1812D5F-7B87-4838-A363-B4259091869D}.Release|x64.ActiveCfg = Release|x64
		{D1812D5F-7B87-4838-A363-B4259091869D}.Release|x64.Build.0 = Release|x64
		{D1812D5F-7B87-4838-A363-B4259091869D}.Release|x86.ActiveCfg = Release|Win32
		{D1812D5F-7B87-4838-A363-B4259091869D}.Release|x86.Build.0 = Release|Win32
		{1E513DC1-4003-4AF3-9107-1B10874A8BC3}.Debug|x64.ActiveCfg = Debug|x64
		{1E513DC1-4003-4AF3-9107-1B10874A8BC3}.Debug|x64.Build.0 = Debug|x64
		{1E513DC1-4003-4AF3-9107-1B10874A8BC3}.Debug|x86.ActiveCfg = Debug|Win32
		{1E513DC1-4003-4AF3-9107-1B10874A8BC3}.Debug|x86.Build.0 = Debug|Win32
		{1E513DC1-4003-4AF3-9107-1B10874A8BC3}.Release|x64.ActiveCfg = Release|x64
		{1E513DC1-4003-4AF3-9107-1B10874A8BC3}.Release|x64.Build.0 = Release|x64
		{1E513DC1-4003-4AF3-9107-1B10874A8BC3}.Release|x86.ActiveCfg = Release|Win32
		{1E513DC1-4003-4AF3-9107-1B10874A8BC3}.Release|x86.Build.0 = Release|Win32
		{01D92917-74A0-462A-9F18-403A4742056A}.Debug|x64.ActiveCfg = Debug|x64
		{01D92917-74A0-462A-9F18-403A4742056A}.Debug|x64.Build.0 = Debug|x64
		{01D92917-74A0-462A-9F18-403A4742056A}.Debug|x86.ActiveCfg = Debug|Win32
		{01D92917-74A0-462A-9F18-403A4742056A}.Debug|x86.Build.0 = Debug|Win32
		{01D92917-74A0-462A-9F18-403A4742056A}.Release|x64.ActiveCfg = Release|x64
		{01D92917-74A0-462A-9F18-403A4742056A}.Release|x64.Build.0 = Release|x64
		{01D92917-74A0-462A-9F18-403A4742056A}.Release|x86.ActiveCfg = Release|Win32
		{01D92917-74A0-462A-9F18-403A4742056A}.Release|x86.Build.0 = Release|Win32
		{35304BEC-C14D-4C23-88EE-7A6BD03F090D}.Debug|x64.ActiveCfg = Debug|x64
		{35304BEC-C14D-4C23-88EE-7A6BD03F090D}.Debug|x64.Build.0 = Debug|x64
		{35304BEC-C14D-4C23-88EE-7A6BD03F090D}.Debug|x86.ActiveCfg = Debug|Win32
		{35304BEC-C14D-4C23-88EE-7A6BD03F090D}.Debug|x86.Build.0 = Debug|Win32
		{35304BEC-C14D-4C23-88EE-7A6BD03F090D}.Release|x64.ActiveCfg = Release|x64
		{35304BEC-C14D-4C23-88EE-7A6BD03F090D}.Release|x64.Build.0 = Release|x64
		{35304BEC-C14D-4C23-88EE-7A6BD03F090D}.Release|x86.ActiveCfg = Release|Win32
		{35304BEC-C14D-4C23-88EE-7A6BD03F090D}.Release|x86.Build.0 = Release|Win32
		{C338C7F9-C3B1-4298-BBD9-E952FF2F0031}.Debug|x64.ActiveCfg = Debug|x64
		{C338C7F9-C3B1-4298-BBD9-E952FF2F0031}.Debug|x64.Build.0 = Debug|x64
		{C338C7F9-C3B1-4298-BBD9-E952FF2F0031}.Debug|x86.ActiveCfg = Debug|Win32
		{C338C7F9-C3B1-4298-BBD9-E952FF2F0031}.Debug|x86.Build.0 = Debug|Win32
		{C338C7F9-C3B1-4298-BBD9-E952FF2F0031}.Release|x64.ActiveCfg = Release|x64
		{C338C7F9-C3B1-4298-BBD9-E952FF2F0031}.Release|x64.Build.0 = Release|x64
		{C338C7F9-C3B1-4298-BBD9-E952FF2F0031}.Release|x86.ActiveCfg = Release|Win32
		{C338C7F9-C3B1-4298-BBD9-E952FF2F0031}.Release|x86.Build.0 = Release|Win32
		{AA06A2AC-8A14-4891-8FFC-70429CFCF5E6}.Debug|x64.ActiveCfg = Debug|x64
		{AA06A2AC-8A14-4891-8FFC-70429CFCF5E6}.Debug|x64.Build.0 = Debug|x64
		{AA06A2AC-8A14-4891-8FFC-70429CFCF5E6}.Debug|x86.ActiveCfg = Debug|Win32
		{AA06A2AC-8A14-4891-8FFC-70429CFCF5E6}.Debug|x86.Build.0 = Debug|Win32
		{AA06A2AC-8A14-4891-8FFC-70429CFCF5E6}.Release|x64.ActiveCfg = Release|x64
		{AA06A2AC-8A14-4891-8FFC-70429CFCF5E6}.Release|x64.Build.0 = Release|x64
		{AA06A2AC-8A14-4891-8FFC-70429CFCF5E6}.Release|x86.ActiveCfg = Release|Win32
		{AA06A2AC-8A14-4891-8FFC-70429CFCF5E6}.Release|x86.Build.0 = Release|Win32
		{F90F6AE9-DA61-415F-B272-0594CEFFA522}.Debug|x64.ActiveCfg = Debug|x64
		{F90F6AE9-DA61-415F-B272-0594CEFFA522}.Debug|x64.Build.0 = Debug|x64
		{F90F6AE9-DA61-415F-B272-0594CEFFA522}.Debug|x86.ActiveCfg = Debug|Win32
		{F90F6AE9-DA61-415F-B272-0594CEFFA522}.Debug|x86.Build.0 = Debug|Win32
		{F90F6AE9-DA61-415F-B272-0594CEFFA522}.Release|x64.ActiveCfg = Release|x64
		{F90F6AE9-DA61-415F-B272-0594CEFFA522}.Release|x64.Build.0 = Release|x64
		{F90F6AE9-DA61-415F-B272-0594CEFFA522}.Release|x86.ActiveCfg = Release|Win32
		{F90F6AE9-DA61-415F-B272-0594CEFFA522}.Release|x86.Build.0 = Release|Win32
	EndGlobalSection
	GlobalSection(SolutionProperties) = preSolution
		HideSolutionNode = FALSE
	EndGlobalSection
	GlobalSection(ExtensibilityGlobals) = postSolution
		SolutionGuid = {CB9E229F-8BA0-4208-9ECB-4D699F4FB8AF}
	EndGlobalSection
EndGlobal
